{
    "version": 3,
    "terraform_version": "0.8.4",
    "serial": 0,
    "lineage": "8f7dada8-9873-4f2a-8e4e-7fcdcfd8f2e3",
    "modules": [
        {
            "path": [
                "root"
            ],
            "outputs": {},
            "resources": {
                "openstack_compute_instance_v2.myserver": {
                    "type": "openstack_compute_instance_v2",
                    "depends_on": [],
                    "primary": {
                        "id": "c1485918-df66-4566-88de-f7fbae5f69fe",
                        "attributes": {
                            "access_ip_v4": "192.168.0.187",
                            "access_ip_v6": "",
                            "flavor_id": "6f3363b9-9bc7-4da7-917d-177fde388054",
                            "flavor_name": "Micro-Small",
                            "id": "c1485918-df66-4566-88de-f7fbae5f69fe",
                            "image_id": "0e888527-88f6-4e70-8ea9-51312a146b17",
                            "image_name": "CentOS-7",
                            "metadata.%": "0",
                            "name": "ynouiara-server",
                            "network.#": "1",
                            "network.0.access_network": "false",
                            "network.0.fixed_ip_v4": "192.168.0.187",
                            "network.0.fixed_ip_v6": "",
                            "network.0.floating_ip": "",
                            "network.0.mac": "fa:16:3e:95:d4:2f",
                            "network.0.name": "cloud-corner",
                            "network.0.port": "",
                            "network.0.uuid": "",
                            "security_groups.#": "1",
                            "security_groups.3814588639": "default",
                            "stop_before_destroy": "false",
                            "volume.#": "0"
                        },
                        "meta": {},
                        "tainted": false
                    },
                    "deposed": [],
                    "provider": ""
                }
            },
            "depends_on": []
        }
    ]
}
